
Microsoft Visual Studio Solution File, Format Version 12.00
# Visual Studio Version 16
VisualStudioVersion = 16.0.31402.337
MinimumVisualStudioVersion = 10.0.40219.1
Project("{FAE04EC0-301F-11D3-BF4B-00C04F79EFBC}") = "ProjectZero-MSG-Decoder", "ProjectZero-MSG-Decoder\ProjectZero-MSG-Decoder.csproj", "{EF9A3365-0B87-422D-BCB7-5766CCE235A4}"
EndProject
Global
	GlobalSection(SolutionConfigurationPlatforms) = preSolution
		Debug|Any CPU = Debug|Any CPU
		Release|Any CPU = Release|Any CPU
	EndGlobalSection
	GlobalSection(ProjectConfigurationPlatforms) = postSolution
		{EF9A3365-0B87-422D-BCB7-5766CCE235A4}.Debug|Any CPU.ActiveCfg = Debug|Any CPU
		{EF9A3365-0B87-422D-BCB7-5766CCE235A4}.Debug|Any CPU.Build.0 = Debug|Any CPU
		{EF9A3365-0B87-422D-BCB7-5766CCE235A4}.Release|Any CPU.ActiveCfg = Release|Any CPU
		{EF9A3365-0B87-422D-BCB7-5766CCE235A4}.Release|Any CPU.Build.0 = Release|Any CPU
	EndGlobalSection
	GlobalSection(SolutionProperties) = preSolution
		HideSolutionNode = FALSE
	EndGlobalSection
	GlobalSection(ExtensibilityGlobals) = postSolution
		SolutionGuid = {B97E415D-BD22-4EB1-8F66-80356F65A527}
	EndGlobalSection
EndGlobal
